
Microsoft Visual Studio Solution File, Format Version 12.00
# Visual Studio Version 17
VisualStudioVersion = 17.0.31611.283
MinimumVisualStudioVersion = 10.0.40219.1
Project("{9A19103F-16F7-4668-BE54-9A1E7A4F7556}") = "DBDIconRepo", "DBDIconRepo\DBDIconRepo.csproj", "{8EE06529-8A0D-45F5-AB99-83764AE89B38}"
EndProject
Project("{9A19103F-16F7-4668-BE54-9A1E7A4F7556}") = "GeneratePackJson", "GeneratePackJson\GeneratePackJson.csproj", "{1E6F1C7F-6AEF-4A5C-9B06-0D272CD9399B}"
EndProject
Project("{FAE04EC0-301F-11D3-BF4B-00C04F79EFBC}") = "SortAllIconsIntoFolder", "SortAllIconsIntoFolder\SortAllIconsIntoFolder.csproj", "{EC62DF2C-7276-4113-A9F6-B697D8300257}"
EndProject
Global
	GlobalSection(SolutionConfigurationPlatforms) = preSolution
		Debug|Any CPU = Debug|Any CPU
		Release|Any CPU = Release|Any CPU
	EndGlobalSection
	GlobalSection(ProjectConfigurationPlatforms) = postSolution
		{8EE06529-8A0D-45F5-AB99-83764AE89B38}.Debug|Any CPU.ActiveCfg = Debug|Any CPU
		{8EE06529-8A0D-45F5-AB99-83764AE89B38}.Debug|Any CPU.Build.0 = Debug|Any CPU
		{8EE06529-8A0D-45F5-AB99-83764AE89B38}.Release|Any CPU.ActiveCfg = Release|Any CPU
		{8EE06529-8A0D-45F5-AB99-83764AE89B38}.Release|Any CPU.Build.0 = Release|Any CPU
		{1E6F1C7F-6AEF-4A5C-9B06-0D272CD9399B}.Debug|Any CPU.ActiveCfg = Debug|Any CPU
		{1E6F1C7F-6AEF-4A5C-9B06-0D272CD9399B}.Debug|Any CPU.Build.0 = Debug|Any CPU
		{1E6F1C7F-6AEF-4A5C-9B06-0D272CD9399B}.Release|Any CPU.ActiveCfg = Release|Any CPU
		{1E6F1C7F-6AEF-4A5C-9B06-0D272CD9399B}.Release|Any CPU.Build.0 = Release|Any CPU
		{EC62DF2C-7276-4113-A9F6-B697D8300257}.Debug|Any CPU.ActiveCfg = Debug|Any CPU
		{EC62DF2C-7276-4113-A9F6-B697D8300257}.Debug|Any CPU.Build.0 = Debug|Any CPU
		{EC62DF2C-7276-4113-A9F6-B697D8300257}.Release|Any CPU.ActiveCfg = Release|Any CPU
		{EC62DF2C-7276-4113-A9F6-B697D8300257}.Release|Any CPU.Build.0 = Release|Any CPU
	EndGlobalSection
	GlobalSection(SolutionProperties) = preSolution
		HideSolutionNode = FALSE
	EndGlobalSection
	GlobalSection(ExtensibilityGlobals) = postSolution
		SolutionGuid = {61F7FB11-1E47-470C-91E2-47F8143E1572}
	EndGlobalSection
EndGlobal
